{
  "nodes": {
    "disko": {
      "inputs": {
        "nixpkgs": [
          "nixpkgs"
        ]
      },
      "locked": {
        "lastModified": 1690148072,
        "narHash": "sha256-R7bk2ij1b06Wc8S3L/guz6Mape5HtKp/YZUyJaxSFa8=",
        "owner": "nix-community",
        "repo": "disko",
        "rev": "713eb78002e69bd77f5a69595756fd2e564233f3",
        "type": "github"
      },
      "original": {
        "owner": "nix-community",
        "repo": "disko",
        "type": "github"
      }
    },
    "impermanence": {
      "locked": {
        "lastModified": 1684264534,
        "narHash": "sha256-K0zr+ry3FwIo3rN2U/VWAkCJSgBslBisvfRIPwMbuCQ=",
        "owner": "nix-community",
        "repo": "impermanence",
        "rev": "89253fb1518063556edd5e54509c30ac3089d5e6",
        "type": "github"
      },
      "original": {
        "owner": "nix-community",
        "repo": "impermanence",
        "type": "github"
      }
    },
    "nixpkgs": {
      "locked": {
        "lastModified": 1690148897,
        "narHash": "sha256-l/j/AX1d2K79EWslwgWR2+htkzCbtjKZsS5NbWXnhz4=",
        "owner": "NixOS",
        "repo": "nixpkgs",
        "rev": "ac1acba43b2f9db073943ff5ed883ce7e8a40a2c",
        "type": "github"
      },
      "original": {
        "owner": "NixOS",
        "ref": "nixos-23.05",
        "repo": "nixpkgs",
        "type": "github"
      }
    },
    "root": {
      "inputs": {
        "disko": "disko",
        "impermanence": "impermanence",
        "nixpkgs": "nixpkgs"
      }
    }
  },
  "root": "root",
  "version": 7
}
